
Microsoft Visual Studio Solution File, Format Version 12.00
# Visual Studio 15
VisualStudioVersion = 15.0.28307.1209
MinimumVisualStudioVersion = 10.0.40219.1
Project("{FAE04EC0-301F-11D3-BF4B-00C04F79EFBC}") = "UrunKatalog.MvcWebUı", "UrunKatalog.MvcWebUı\UrunKatalog.MvcWebUı.csproj", "{A0036F24-3C4E-456B-A018-9D1218606306}"
EndProject
Global
	GlobalSection(SolutionConfigurationPlatforms) = preSolution
		Debug|Any CPU = Debug|Any CPU
		Release|Any CPU = Release|Any CPU
	EndGlobalSection
	GlobalSection(ProjectConfigurationPlatforms) = postSolution
		{A0036F24-3C4E-456B-A018-9D1218606306}.Debug|Any CPU.ActiveCfg = Debug|Any CPU
		{A0036F24-3C4E-456B-A018-9D1218606306}.Debug|Any CPU.Build.0 = Debug|Any CPU
		{A0036F24-3C4E-456B-A018-9D1218606306}.Release|Any CPU.ActiveCfg = Release|Any CPU
		{A0036F24-3C4E-456B-A018-9D1218606306}.Release|Any CPU.Build.0 = Release|Any CPU
	EndGlobalSection
	GlobalSection(SolutionProperties) = preSolution
		HideSolutionNode = FALSE
	EndGlobalSection
	GlobalSection(ExtensibilityGlobals) = postSolution
		SolutionGuid = {2945CE1F-D7B2-4929-8A7A-7D87EAB245B8}
	EndGlobalSection
EndGlobal
